
Microsoft Visual Studio Solution File, Format Version 12.00
# Visual Studio Version 16
VisualStudioVersion = 16.0.31911.196
MinimumVisualStudioVersion = 10.0.40219.1
Project("{8BC9CEB8-8B4A-11D0-8D11-00A0C91BC942}") = "test_21_12_19", "test_21_12_19.vcxproj", "{350369C1-AC7E-4FA1-81F4-770195A6C71B}"
EndProject
Global
	GlobalSection(SolutionConfigurationPlatforms) = preSolution
		Debug|x64 = Debug|x64
		Debug|x86 = Debug|x86
		Release|x64 = Release|x64
		Release|x86 = Release|x86
	EndGlobalSection
	GlobalSection(ProjectConfigurationPlatforms) = postSolution
		{350369C1-AC7E-4FA1-81F4-770195A6C71B}.Debug|x64.ActiveCfg = Debug|x64
		{350369C1-AC7E-4FA1-81F4-770195A6C71B}.Debug|x64.Build.0 = Debug|x64
		{350369C1-AC7E-4FA1-81F4-770195A6C71B}.Debug|x86.ActiveCfg = Debug|Win32
		{350369C1-AC7E-4FA1-81F4-770195A6C71B}.Debug|x86.Build.0 = Debug|Win32
		{350369C1-AC7E-4FA1-81F4-770195A6C71B}.Release|x64.ActiveCfg = Release|x64
		{350369C1-AC7E-4FA1-81F4-770195A6C71B}.Release|x64.Build.0 = Release|x64
		{350369C1-AC7E-4FA1-81F4-770195A6C71B}.Release|x86.ActiveCfg = Release|Win32
		{350369C1-AC7E-4FA1-81F4-770195A6C71B}.Release|x86.Build.0 = Release|Win32
	EndGlobalSection
	GlobalSection(SolutionProperties) = preSolution
		HideSolutionNode = FALSE
	EndGlobalSection
	GlobalSection(ExtensibilityGlobals) = postSolution
		SolutionGuid = {F5B5E803-6EA7-43ED-B208-8BD0F843682D}
	EndGlobalSection
EndGlobal
