
Microsoft Visual Studio Solution File, Format Version 12.00
# Visual Studio Version 16
VisualStudioVersion = 16.0.31727.386
MinimumVisualStudioVersion = 10.0.40219.1
Project("{8BC9CEB8-8B4A-11D0-8D11-00A0C91BC942}") = "test_21_11_14", "test_21_11_14.vcxproj", "{9048FB7C-D521-4A19-B26D-CC91D5CF9FE3}"
EndProject
Global
	GlobalSection(SolutionConfigurationPlatforms) = preSolution
		Debug|x64 = Debug|x64
		Debug|x86 = Debug|x86
		Release|x64 = Release|x64
		Release|x86 = Release|x86
	EndGlobalSection
	GlobalSection(ProjectConfigurationPlatforms) = postSolution
		{9048FB7C-D521-4A19-B26D-CC91D5CF9FE3}.Debug|x64.ActiveCfg = Debug|x64
		{9048FB7C-D521-4A19-B26D-CC91D5CF9FE3}.Debug|x64.Build.0 = Debug|x64
		{9048FB7C-D521-4A19-B26D-CC91D5CF9FE3}.Debug|x86.ActiveCfg = Debug|Win32
		{9048FB7C-D521-4A19-B26D-CC91D5CF9FE3}.Debug|x86.Build.0 = Debug|Win32
		{9048FB7C-D521-4A19-B26D-CC91D5CF9FE3}.Release|x64.ActiveCfg = Release|x64
		{9048FB7C-D521-4A19-B26D-CC91D5CF9FE3}.Release|x64.Build.0 = Release|x64
		{9048FB7C-D521-4A19-B26D-CC91D5CF9FE3}.Release|x86.ActiveCfg = Release|Win32
		{9048FB7C-D521-4A19-B26D-CC91D5CF9FE3}.Release|x86.Build.0 = Release|Win32
	EndGlobalSection
	GlobalSection(SolutionProperties) = preSolution
		HideSolutionNode = FALSE
	EndGlobalSection
	GlobalSection(ExtensibilityGlobals) = postSolution
		SolutionGuid = {C85BF3B9-BC1D-4345-9329-39CC9509A7DE}
	EndGlobalSection
EndGlobal
